
Microsoft Visual Studio Solution File, Format Version 12.00
# Visual Studio Version 16
VisualStudioVersion = 16.0.29306.81
MinimumVisualStudioVersion = 10.0.40219.1
Project("{FAE04EC0-301F-11D3-BF4B-00C04F79EFBC}") = "Tools", "Tools\Tools.csproj", "{FCC40AC2-13DE-41CB-A550-4DC3E393F27C}"
EndProject
Global
	GlobalSection(SolutionConfigurationPlatforms) = preSolution
		Debug|Any CPU = Debug|Any CPU
		Debug|x64 = Debug|x64
		Debug|x86 = Debug|x86
		Release|Any CPU = Release|Any CPU
		Release|x64 = Release|x64
		Release|x86 = Release|x86
	EndGlobalSection
	GlobalSection(ProjectConfigurationPlatforms) = postSolution
		{FCC40AC2-13DE-41CB-A550-4DC3E393F27C}.Debug|Any CPU.ActiveCfg = Debug|Any CPU
		{FCC40AC2-13DE-41CB-A550-4DC3E393F27C}.Debug|Any CPU.Build.0 = Debug|Any CPU
		{FCC40AC2-13DE-41CB-A550-4DC3E393F27C}.Debug|x64.ActiveCfg = Debug|x64
		{FCC40AC2-13DE-41CB-A550-4DC3E393F27C}.Debug|x64.Build.0 = Debug|x64
		{FCC40AC2-13DE-41CB-A550-4DC3E393F27C}.Debug|x86.ActiveCfg = Debug|x86
		{FCC40AC2-13DE-41CB-A550-4DC3E393F27C}.Debug|x86.Build.0 = Debug|x86
		{FCC40AC2-13DE-41CB-A550-4DC3E393F27C}.Release|Any CPU.ActiveCfg = Release|Any CPU
		{FCC40AC2-13DE-41CB-A550-4DC3E393F27C}.Release|Any CPU.Build.0 = Release|Any CPU
		{FCC40AC2-13DE-41CB-A550-4DC3E393F27C}.Release|x64.ActiveCfg = Release|x64
		{FCC40AC2-13DE-41CB-A550-4DC3E393F27C}.Release|x64.Build.0 = Release|x64
		{FCC40AC2-13DE-41CB-A550-4DC3E393F27C}.Release|x86.ActiveCfg = Release|x86
		{FCC40AC2-13DE-41CB-A550-4DC3E393F27C}.Release|x86.Build.0 = Release|x86
	EndGlobalSection
	GlobalSection(SolutionProperties) = preSolution
		HideSolutionNode = FALSE
	EndGlobalSection
	GlobalSection(ExtensibilityGlobals) = postSolution
		SolutionGuid = {12EAD21B-2477-42B7-B6B8-76B7BC2AF5D6}
	EndGlobalSection
EndGlobal
